
Microsoft Visual Studio Solution File, Format Version 12.00
# Visual Studio Version 16
VisualStudioVersion = 16.0.31112.23
MinimumVisualStudioVersion = 10.0.40219.1
Project("{FAE04EC0-301F-11D3-BF4B-00C04F79EFBC}") = "Iso20022.Model", "ISO20022Pacs\Iso20022.Model.csproj", "{3C6D12E2-D6E6-43F4-9087-4290F550F3D8}"
EndProject
Project("{FAE04EC0-301F-11D3-BF4B-00C04F79EFBC}") = "Iso20022.Tests", "Iso20022.Tests\Iso20022.Tests.csproj", "{45A75C60-ACC1-453C-9302-032F23AA4265}"
EndProject
Global
	GlobalSection(SolutionConfigurationPlatforms) = preSolution
		Debug|Any CPU = Debug|Any CPU
		Release|Any CPU = Release|Any CPU
	EndGlobalSection
	GlobalSection(ProjectConfigurationPlatforms) = postSolution
		{3C6D12E2-D6E6-43F4-9087-4290F550F3D8}.Debug|Any CPU.ActiveCfg = Debug|Any CPU
		{3C6D12E2-D6E6-43F4-9087-4290F550F3D8}.Debug|Any CPU.Build.0 = Debug|Any CPU
		{3C6D12E2-D6E6-43F4-9087-4290F550F3D8}.Release|Any CPU.ActiveCfg = Release|Any CPU
		{3C6D12E2-D6E6-43F4-9087-4290F550F3D8}.Release|Any CPU.Build.0 = Release|Any CPU
		{45A75C60-ACC1-453C-9302-032F23AA4265}.Debug|Any CPU.ActiveCfg = Debug|Any CPU
		{45A75C60-ACC1-453C-9302-032F23AA4265}.Debug|Any CPU.Build.0 = Debug|Any CPU
		{45A75C60-ACC1-453C-9302-032F23AA4265}.Release|Any CPU.ActiveCfg = Release|Any CPU
		{45A75C60-ACC1-453C-9302-032F23AA4265}.Release|Any CPU.Build.0 = Release|Any CPU
	EndGlobalSection
	GlobalSection(SolutionProperties) = preSolution
		HideSolutionNode = FALSE
	EndGlobalSection
	GlobalSection(ExtensibilityGlobals) = postSolution
		SolutionGuid = {549E30F4-7063-4777-824E-C54C2DEC1664}
	EndGlobalSection
EndGlobal
